{
  "version": "3",
  "packages": {
    "specifiers": {
      "npm:@denotest/add@1.0.0": "npm:@denotest/add@1.0.0"
    },
    "npm": {
      "@denotest/add@1.0.0": {
        "integrity": "sha512-wmsc7UeKQKgePqvUNk9lrOZ1rU8+lU7Kj0JjGdF9V4z1AsFdODBzTb1T8oGlCe9KCqqiePyVDda/j9qSJEZSNg==",
        "dependencies": {}
      }
    }
  },
  "remote": {},
  "workspace": {
    "packageJson": {
      "dependencies": [
        "npm:@denotest/add@1.0.0"
      ]
    }
  }
}
