# THIS IS AN AUTOGENERATED FILE. DO NOT EDIT THIS FILE DIRECTLY.
# yarn lockfile v1


"@denotest/different-nested-dep-child@1.0.0":
  version "1.0.0"
  resolved "http://localhost:4260/@denotest/different-nested-dep-child/-/different-nested-dep-child-1.0.0.tgz"
  integrity sha512-sIM/PqkkyqcAEpc0YMOnIyON7hVm37IMpWy3JgF/P65F2A5eTid+AIJna3UBwaAcDrh+qORKc2/Zl15EEs5efw==

"@denotest/different-nested-dep@1.0.0":
  version "1.0.0"
  resolved "http://localhost:4260/@denotest/different-nested-dep/-/different-nested-dep-1.0.0.tgz"
  integrity sha512-lsB/nZ3X5zTVihQ0YeX97wQcYMoUfvnOc2wf5Y83N6OtqOJEoekRqXnudMZptyPNam02M6JRZVKxg4E6arKc1Q==
  dependencies:
    "@denotest/different-nested-dep-child" "1.0.0"
