{
  "lockfileVersion": 1,
  "configVersion": 1,
  "workspaces": {
    "": {
      "name": "test",
      "dependencies": {
        "@denotest/add": "1",
      },
    },
  },
  "packages": {
    "@denotest/add": ["@denotest/add@1.0.0", "", {}, "sha512-uvNpnVPU/CC2Do/LNF3TkhoLGLLKC6jFDPiSnojuZCEwmoXJjS2+Sn+LYk7eUix4vsMKA9ctxaMhcfb6pdHQTQ=="],
  }
}
