{
  "version": "3",
  "remote": {
    "https://esm.sh/preact@10.15.1": "2b79349676a4942fbcf835c4efa909791c2f0aeca195225bf22bac9866e94b4e",
    "https://esm.sh/preact@10.15.1/debug": "eb12af10d41f793ab3a8cf90bff89a9cd8efab57b541d43dada6efc5e3fa8e3c",
    "https://esm.sh/stable/preact@10.15.1/denonext/debug.js": "e8e5e198bd48c93d484c91c4c78af1900bd81d9bfcfd543e8ac75216f5404c10",
    "https://esm.sh/stable/preact@10.15.1/denonext/devtools.js": "7e3009ee2208a6cc8bbf747b61e9468d177ef55d94cf9b774ad2a6c926ae51cb",
    "https://esm.sh/stable/preact@10.15.1/denonext/preact.mjs": "30710ac1d5ff3711ae0c04eddbeb706f34f82d97489f61aaf09897bc75d2a628"
  }
}
