{
  "version": "2",
  "remote": {
    "https://deno-registry-staging.net/@foo/chain/0.0.2/file1.ts": "54cb0f4ba997ea9629e0029193df96e84d79b30cb94a6d30eb763b1da37f6993",
    "https://deno-registry-staging.net/@foo/chain/0.0.2/file10.ts": "cda843eec23c45d8f5858950841dfb174b7ce9181a6bcae9eb95e233f58d2e19",
    "https://deno-registry-staging.net/@foo/chain/0.0.2/file100.ts": "7ac2e11b3cb9bbd16f61ee8f7f33a7ead47286e0e20fbf604f5cdb9dc9fbd89f",
    "https://deno-registry-staging.net/@foo/chain/0.0.2/file11.ts": "f8a12980c6d98ef726c36fee6395c2ab629395074c102f12f640d38e398abc47",
    "https://deno-registry-staging.net/@foo/chain/0.0.2/file12.ts": "9cde1938e6adae59b8a0ecb34a71be155aef49b51c44709024475e50d4c948b1",
    "https://deno-registry-staging.net/@foo/chain/0.0.2/file13.ts": "a572c1ef9fd4aa1e4e640bd400858b6deefa854ea90d6ba2f071c03b26d533ea",
    "https://deno-registry-staging.net/@foo/chain/0.0.2/file14.ts": "0734ded0afd2304ac4cfd30515ac03ff7868dc8c7a93c19753b3431b3e82acaa",
    "https://deno-registry-staging.net/@foo/chain/0.0.2/file15.ts": "9bc37b228423d4614c5fbb8773f4865cae49751e297d11288f7a0e8a9a97ffea",
    "https://deno-registry-staging.net/@foo/chain/0.0.2/file16.ts": "1b82548452d40deacdde9cb9cdda98ce5579ec4fc6da1ef84b0fa9ed3d7c8282",
    "https://deno-registry-staging.net/@foo/chain/0.0.2/file17.ts": "e931034de06f1aa05180a5793a0b5d5bec786c457115fbef859c5b063ed585e7",
    "https://deno-registry-staging.net/@foo/chain/0.0.2/file18.ts": "14c85d1d1d287c31ab4554bf93c0b83854df7c977111279c6be826838dcc9622",
    "https://deno-registry-staging.net/@foo/chain/0.0.2/file19.ts": "6f2cdac7b21d21fb969a6203c63a8831fd9cecb65a5f2d6521efce142c756ab8",
    "https://deno-registry-staging.net/@foo/chain/0.0.2/file2.ts": "80cfc98b50ba285b02b265d8cdf81857d9fb79c042b4074173163ba757faf8a4",
    "https://deno-registry-staging.net/@foo/chain/0.0.2/file20.ts": "8ace72f13dd984fdb6f2bb58247b5538c8b6d0e7a8454b85af19246b321dcb8c",
    "https://deno-registry-staging.net/@foo/chain/0.0.2/file21.ts": "b253fa31f08b04f0608fb4083fb1c0b115d0d935c6d23f5e8b6655976356f2b3",
    "https://deno-registry-staging.net/@foo/chain/0.0.2/file22.ts": "fa34b6b3685d27490232dd1a99dd30f7784de77e770259f67688fc152b1f60a6",
    "https://deno-registry-staging.net/@foo/chain/0.0.2/file23.ts": "94b9e4cc5918d4427689fdbe48a4953affe89734a0d727b17b30436174e12f09",
    "https://deno-registry-staging.net/@foo/chain/0.0.2/file24.ts": "aa0fa552c292b3029cd01dfa53f907c1872ae34945f2e26450ce8fbca89d82e9",
    "https://deno-registry-staging.net/@foo/chain/0.0.2/file25.ts": "9dd1433a4804fde6c7d66c764e824172cee21bb61f6674d9d3299541f89bfb30",
    "https://deno-registry-staging.net/@foo/chain/0.0.2/file26.ts": "915f1ef99fb264059ac6cb115252d12b7f86e83e604af1192370aaf8f7952957",
    "https://deno-registry-staging.net/@foo/chain/0.0.2/file27.ts": "13bff7aad1e65a94a8164617d583df781e25a9d997e465188e67ad6c3f874d78",
    "https://deno-registry-staging.net/@foo/chain/0.0.2/file28.ts": "09d2ca74bf69fa6e8ddca14019bfe793c04de6088522014b861683bf6879c1ff",
    "https://deno-registry-staging.net/@foo/chain/0.0.2/file29.ts": "805dc1a2406305210c8c7a33d0d74c7a27a6f6a5654185392bb5935fad5be059",
    "https://deno-registry-staging.net/@foo/chain/0.0.2/file3.ts": "acae5e000e521e0c1eedf55fe64c8b322b391d949bd3d7d8a3e86d871d4495a6",
    "https://deno-registry-staging.net/@foo/chain/0.0.2/file30.ts": "88887c7e43029bef1476ede06174be0241fbb5f58c0eb94b3ffce1a26f3cff8f",
    "https://deno-registry-staging.net/@foo/chain/0.0.2/file31.ts": "a1a532598515988cc4402bd3bcfe1d31f5b14db288ec5e58e32e10128e0ff307",
    "https://deno-registry-staging.net/@foo/chain/0.0.2/file32.ts": "5988e5c0340332ac3118ca75b74d163943dadb54671196a7005d6446e4cd3bb8",
    "https://deno-registry-staging.net/@foo/chain/0.0.2/file33.ts": "44f60316228018c9c4e9b047af625493c36a381eea67e5ef6a0a4bb72146c0cf",
    "https://deno-registry-staging.net/@foo/chain/0.0.2/file34.ts": "eb455224beab6bbdce016281b22f582fb098c6e4530b4c3c551da5ddd05a1bae",
    "https://deno-registry-staging.net/@foo/chain/0.0.2/file35.ts": "efde2829619193589f29553196a965c23f25e740d63fb366877ebcb800b95ac3",
    "https://deno-registry-staging.net/@foo/chain/0.0.2/file36.ts": "84f4da26e74c5eb38627de5b214ce4464c4979116e69240222db81bf309dc967",
    "https://deno-registry-staging.net/@foo/chain/0.0.2/file37.ts": "310c05e7cdb707dde3ee551dfcdb6fd3376679960d3292fcff5fc6e917ca7260",
    "https://deno-registry-staging.net/@foo/chain/0.0.2/file38.ts": "947771a7414376fef66e49be7b56f49b92e52e063d74475d85ed70d142255c35",
    "https://deno-registry-staging.net/@foo/chain/0.0.2/file39.ts": "c9fc5d8166e424d961d619e850c45c1510ca54baa08a953c9e4feffe093314fa",
    "https://deno-registry-staging.net/@foo/chain/0.0.2/file4.ts": "a3e74e92076cda47f2602d16483e9fb48f8135fe3f81b06a672d7f072482677b",
    "https://deno-registry-staging.net/@foo/chain/0.0.2/file40.ts": "b25d2787370751d1e1e55f01a44d50b458d167dd0b37c3f1953fe9359595881e",
    "https://deno-registry-staging.net/@foo/chain/0.0.2/file41.ts": "e3aeec38651ce67adbe2cc7bf346a14e7030122582acd1a5bc270e37b8cb145b",
    "https://deno-registry-staging.net/@foo/chain/0.0.2/file42.ts": "ba3ca9fe0e859c96f4692a4620a3afbf897ac650ee76f453ecb769838cbf3426",
    "https://deno-registry-staging.net/@foo/chain/0.0.2/file43.ts": "8a9ddb55c32f7207f3224b1b836cecfff7665adf24f64f854cfc549f1a077c30",
    "https://deno-registry-staging.net/@foo/chain/0.0.2/file44.ts": "d2b487e85737b392899f75576517977140999fdcfaea5bf86b29f68db451f7dc",
    "https://deno-registry-staging.net/@foo/chain/0.0.2/file45.ts": "f3d6e8370343fed91dbc307f89a2ec1dadf4823f4b492aba39e66f855fece242",
    "https://deno-registry-staging.net/@foo/chain/0.0.2/file46.ts": "ded9dc24efc24e4c39cb7ddd94f5fe4ece381d85d8e4f7b5361b5284119de59e",
    "https://deno-registry-staging.net/@foo/chain/0.0.2/file47.ts": "7ca1eb3ce2cd8d4a8cb683be1b398b2f80725c7ab8e0a13ae2241511c902651f",
    "https://deno-registry-staging.net/@foo/chain/0.0.2/file48.ts": "ed80d5ff50140167b7df71f9725f76b92e97e8548d8a233c76698b3a65535ce9",
    "https://deno-registry-staging.net/@foo/chain/0.0.2/file49.ts": "cc6bb02b56eebe74ba902a73d3171d5c5dfc0914c58ebe9c8de57d77f47be63a",
    "https://deno-registry-staging.net/@foo/chain/0.0.2/file5.ts": "871024a0bd2c05f718d35db2a7c22186ff3f71c1a6492843065e54c52ffb53aa",
    "https://deno-registry-staging.net/@foo/chain/0.0.2/file50.ts": "e30deacdf8ea125425229a3866325bf2fb4d0999fee46164a76182b7bcf68ab1",
    "https://deno-registry-staging.net/@foo/chain/0.0.2/file51.ts": "318364010e4996a29733ca7c5515d787a917973f902d8f498ce40090082c9df9",
    "https://deno-registry-staging.net/@foo/chain/0.0.2/file52.ts": "1108f9af7f936de581e2d8ebcdd7092706700e434a2de615e17bfda0d74c9280",
    "https://deno-registry-staging.net/@foo/chain/0.0.2/file53.ts": "260573b30cf7a405802ac6cb58edc911b547651c409a57c7068238eaca73bd2c",
    "https://deno-registry-staging.net/@foo/chain/0.0.2/file54.ts": "2d71616986251c82449be2a777ad290f0a1c8142682ed447ed7b2fd4b00eb472",
    "https://deno-registry-staging.net/@foo/chain/0.0.2/file55.ts": "54e86fe24b13b02d915cd1b38713b8d777483f6e33b7a797ed5be6cb78eec424",
    "https://deno-registry-staging.net/@foo/chain/0.0.2/file56.ts": "f5135c7348784dd6f99e018b2cdf60446effda8b171a376ad9128446d5312107",
    "https://deno-registry-staging.net/@foo/chain/0.0.2/file57.ts": "4baad296ddf1f7fedda5e5370cc02ef590f0a9056ae0d7bc32fcfd2958b6bb39",
    "https://deno-registry-staging.net/@foo/chain/0.0.2/file58.ts": "3695dff06aa0615ab691ae5f4ab9928d05f453aaf06202b213fbea3c602575c6",
    "https://deno-registry-staging.net/@foo/chain/0.0.2/file59.ts": "b1aab40fdf18f7769b3027143b3913aa961049861f5e3ca6f2f65a9bcc72b62b",
    "https://deno-registry-staging.net/@foo/chain/0.0.2/file6.ts": "90140d603155a0793bd47e79b94112a671b9d45fabf990c01d18c07a97bed34d",
    "https://deno-registry-staging.net/@foo/chain/0.0.2/file60.ts": "3fbe1fb2fc5d18bcde81887fbe79b9dcb42df26307da19a0d54236f07b42e694",
    "https://deno-registry-staging.net/@foo/chain/0.0.2/file61.ts": "f99897b0328d0788b3f359eb7b8b8b74c16baf3c981754f7b1487a909baa6492",
    "https://deno-registry-staging.net/@foo/chain/0.0.2/file62.ts": "58080901e9198716b9e14901ebd889b1f96d8309bc47ac99fa0041ab78a214a0",
    "https://deno-registry-staging.net/@foo/chain/0.0.2/file63.ts": "d3c431406071fb60569b9db415ca585abea0b031c45ea17b6e4571653aca6895",
    "https://deno-registry-staging.net/@foo/chain/0.0.2/file64.ts": "1f13713ac8456fc7441e59edd2ed4d2ddd3d49daaf9c537d4dee11651b37a215",
    "https://deno-registry-staging.net/@foo/chain/0.0.2/file65.ts": "2efbcfc45a8ab040ccb8e869d7fba3cbd252d6ea9fdef715b6586c0c884a334d",
    "https://deno-registry-staging.net/@foo/chain/0.0.2/file66.ts": "766658df67ce4aef9fb2965a23cbc21206392065a30e361588020f291b570b4d",
    "https://deno-registry-staging.net/@foo/chain/0.0.2/file67.ts": "7ea407cc92627b29b79ec1038e08ae15daa6d2a88ffe796610c79b3c777b2b61",
    "https://deno-registry-staging.net/@foo/chain/0.0.2/file68.ts": "71e8448f62cb27618be9e5a9e9aaf006300c1915a440376ec9b2699897fb13d0",
    "https://deno-registry-staging.net/@foo/chain/0.0.2/file69.ts": "bfb09e0b0c71bf21fc8dba52d18939b8679ee2a74955f64e30d600eab1310da9",
    "https://deno-registry-staging.net/@foo/chain/0.0.2/file7.ts": "d9af1373a8e7cc0c5f48db616a4a3bd2fbcf28ba6fc451a4b7424e9af5fb2edf",
    "https://deno-registry-staging.net/@foo/chain/0.0.2/file70.ts": "9328dec4859e8ced7da4dba70271ebc1a2bc7f8c7173cdf19e7604779d056896",
    "https://deno-registry-staging.net/@foo/chain/0.0.2/file71.ts": "ea1da4417496652881209b78eff08d59c8f9d1ca978500a62fdfc12e6e476863",
    "https://deno-registry-staging.net/@foo/chain/0.0.2/file72.ts": "26b15fab623b078c0193f238afe4e10179df5130db580c3fbfd558cae959832d",
    "https://deno-registry-staging.net/@foo/chain/0.0.2/file73.ts": "40102255a09103788d5955a4cc7141ecef3adada0e339c1010fcf28c79a578cf",
    "https://deno-registry-staging.net/@foo/chain/0.0.2/file74.ts": "a340542c679b8ac340d95d3408010aa9a97af1693939fa08f792d7e7fac35cca",
    "https://deno-registry-staging.net/@foo/chain/0.0.2/file75.ts": "7002ec908335d84d42b2906d6090695d7b334d607320a5107329121972fde0c5",
    "https://deno-registry-staging.net/@foo/chain/0.0.2/file76.ts": "df851d519fe349423ab519e3bea4667618970f86a12111ee8cc24ed983218ad2",
    "https://deno-registry-staging.net/@foo/chain/0.0.2/file77.ts": "0fc02040599c7fbbfc5b51a4773bfa992a9807d6daefdf326f63356a6baee983",
    "https://deno-registry-staging.net/@foo/chain/0.0.2/file78.ts": "a1e593342b6e465a6d9e7e0f3cb18f3a721a7e19b0a27faa6e2d1a4ebe79298a",
    "https://deno-registry-staging.net/@foo/chain/0.0.2/file79.ts": "6cfe8cbf23457474eaf0faedf76bab9db56db4b99d782d3bb5d0a4dc24d9d5a4",
    "https://deno-registry-staging.net/@foo/chain/0.0.2/file8.ts": "c1d225203e70a3a50f7ba9cd31df0e44efcbf4e94b06914b21a270e6424e1202",
    "https://deno-registry-staging.net/@foo/chain/0.0.2/file80.ts": "80d1db88593c98d37a1207c0e57a76edb87db1a36d63ab2b24fcf6b19e2d4694",
    "https://deno-registry-staging.net/@foo/chain/0.0.2/file81.ts": "c5da2566889e826b75b161454abb10ac849fecf944553e97082f5b44f6eef4f0",
    "https://deno-registry-staging.net/@foo/chain/0.0.2/file82.ts": "8293a58578c79e01ed6a8a6304ea6b3570e945dd65b2db2d5ab27ac20f199ee2",
    "https://deno-registry-staging.net/@foo/chain/0.0.2/file83.ts": "6ad47693f1ad50b6f9811c147aa693e6820f70267703eb0957c534652cbd956e",
    "https://deno-registry-staging.net/@foo/chain/0.0.2/file84.ts": "05b8fd7fa31dace43db4f98a82ad57b607ab5abc01bc3e33f9c4e8c700f4e0cb",
    "https://deno-registry-staging.net/@foo/chain/0.0.2/file85.ts": "c2e1f40ba913a06ea0cea667191a2c5ea03bde598266839eab97ec2ed667af04",
    "https://deno-registry-staging.net/@foo/chain/0.0.2/file86.ts": "988af740b0ead3dbe45f081f791c3177436e34b95dcf9be87a483c50f7f14337",
    "https://deno-registry-staging.net/@foo/chain/0.0.2/file87.ts": "9f7c1f971287f143ed2c622ee16ebbee2723e1335bcdde52ff3520fa31b9db82",
    "https://deno-registry-staging.net/@foo/chain/0.0.2/file88.ts": "a3af0ec2c2ac8a57471a6a748c833b1ee4cec4be54d0b47823f4741f56614569",
    "https://deno-registry-staging.net/@foo/chain/0.0.2/file89.ts": "4e2a6420908ebd6ae3c266fa5895fd6483d2647363e8dbf9d1d342aea7fbcfce",
    "https://deno-registry-staging.net/@foo/chain/0.0.2/file9.ts": "5c1e7796b3b0b24e48b041c3913f4112a2795e22557c69652a771c3c1ef3f96e",
    "https://deno-registry-staging.net/@foo/chain/0.0.2/file90.ts": "6ce27dfe20c6198608844ac369cc88a6d3e047440c1e07476bffe3a95d36a382",
    "https://deno-registry-staging.net/@foo/chain/0.0.2/file91.ts": "42fa9d08352f15b5acfe4e6d7bc5ff9b938f369f544cceb6e2cc21b5f22ef9f2",
    "https://deno-registry-staging.net/@foo/chain/0.0.2/file92.ts": "db71fa91e22d618c1d40abe6ff0d653cef60acdaf1f32075fefdc9bdb25c27e5",
    "https://deno-registry-staging.net/@foo/chain/0.0.2/file93.ts": "9a268d9626a133f5348d688a6f3251984e11b0a5515a6ab61ad874ada27ba3f0",
    "https://deno-registry-staging.net/@foo/chain/0.0.2/file94.ts": "c480f7785ae17ef2d3a5636d0048b71cb5f27b4134963f4c5f655ba753416717",
    "https://deno-registry-staging.net/@foo/chain/0.0.2/file95.ts": "a77afc9fd317cff57fb2f4dd570b660586a73cdda5e7d4d22988e67126216cac",
    "https://deno-registry-staging.net/@foo/chain/0.0.2/file96.ts": "4a5bd724fe26b78a2f63d2f87b216a5e5777cb949272a7843c368ac5b63f3522",
    "https://deno-registry-staging.net/@foo/chain/0.0.2/file97.ts": "62cc0f0407ccc026d945c2a6c390db6e703a6a1583ee10f5e9585ad6b5be8fcd",
    "https://deno-registry-staging.net/@foo/chain/0.0.2/file98.ts": "df1692a30c84f59011096aef6f62b20ad8abb489c998d14dfd9e8aeaac6dd0d7",
    "https://deno-registry-staging.net/@foo/chain/0.0.2/file99.ts": "9d7870fde9db8aa6764647705767667bc0a9be551e6d86958e1739c5f4db248f",
    "https://deno-registry-staging.net/@foo/code_block_writer/0.0.1/mod.ts": "2c3448060e47c9d08604c8f40dee34343f553f33edcdfebbf648442be33205e5",
    "https://deno-registry-staging.net/@foo/code_block_writer/0.0.1/utils/string_utils.ts": "60cb4ec8bd335bf241ef785ccec51e809d576ff8e8d29da43d2273b69ce2a6ff",
    "https://deno-registry-staging.net/@foo/ts_morph/0.1.0/common/DenoRuntime.ts": "6a7180f0c6e90dcf23ccffc86aa8271c20b1c4f34c570588d08a45880b7e172d",
    "https://deno-registry-staging.net/@foo/ts_morph/0.1.0/common/mod.ts": "01985d2ee7da8d1caee318a9d07664774fbee4e31602bc2bb6bb62c3489555ed",
    "https://deno-registry-staging.net/@foo/ts_morph/0.1.0/common/ts_morph_common.js": "f6ecb9993f9e7a8374921f43a670b369ca9bf337d3e2da979f495b6e29ea75e8",
    "https://deno-registry-staging.net/@foo/ts_morph/0.1.0/common/typescript.js": "97e18f192446db6ea3ed8ddc4723ac4a85fd50a85cfee45437b3581d0f2af12c",
    "https://deno-registry-staging.net/@foo/ts_morph/0.1.0/mod.ts": "adba9b82f24865d15d2c78ef6074b9a7457011719056c9928c800f130a617c93",
    "https://deno-registry-staging.net/@foo/ts_morph/0.1.0/ts_morph.js": "7e11715fbad5d4a7ba8210f93789984ce83de5d5a2e15798af07e8d1d07f8117",
    "https://deno.land/std@0.181.0/_util/asserts.ts": "178dfc49a464aee693a7e285567b3d0b555dc805ff490505a8aae34f9cfb1462",
    "https://deno.land/std@0.181.0/_util/os.ts": "d932f56d41e4f6a6093d56044e29ce637f8dcc43c5a90af43504a889cf1775e3",
    "https://deno.land/std@0.181.0/fs/_util.ts": "65381f341af1ff7f40198cee15c20f59951ac26e51ddc651c5293e24f9ce6f32",
    "https://deno.land/std@0.181.0/fs/ensure_dir.ts": "dc64c4c75c64721d4e3fb681f1382f803ff3d2868f08563ff923fdd20d071c40",
    "https://deno.land/std@0.181.0/fs/expand_glob.ts": "e4f56259a0a70fe23f05215b00de3ac5e6ba46646ab2a06ebbe9b010f81c972a",
    "https://deno.land/std@0.181.0/fs/walk.ts": "ea95ffa6500c1eda6b365be488c056edc7c883a1db41ef46ec3bf057b1c0fe32",
    "https://deno.land/std@0.181.0/path/_constants.ts": "e49961f6f4f48039c0dfed3c3f93e963ca3d92791c9d478ac5b43183413136e0",
    "https://deno.land/std@0.181.0/path/_interface.ts": "6471159dfbbc357e03882c2266d21ef9afdb1e4aa771b0545e90db58a0ba314b",
    "https://deno.land/std@0.181.0/path/_util.ts": "d7abb1e0dea065f427b89156e28cdeb32b045870acdf865833ba808a73b576d0",
    "https://deno.land/std@0.181.0/path/common.ts": "ee7505ab01fd22de3963b64e46cff31f40de34f9f8de1fff6a1bd2fe79380000",
    "https://deno.land/std@0.181.0/path/glob.ts": "d479e0a695621c94d3fd7fe7abd4f9499caf32a8de13f25073451c6ef420a4e1",
    "https://deno.land/std@0.181.0/path/mod.ts": "bf718f19a4fdd545aee1b06409ca0805bd1b68ecf876605ce632e932fe54510c",
    "https://deno.land/std@0.181.0/path/posix.ts": "8b7c67ac338714b30c816079303d0285dd24af6b284f7ad63da5b27372a2c94d",
    "https://deno.land/std@0.181.0/path/separator.ts": "0fb679739d0d1d7bf45b68dacfb4ec7563597a902edbaf3c59b50d5bcadd93b1",
    "https://deno.land/std@0.181.0/path/win32.ts": "d186344e5583bcbf8b18af416d13d82b35a317116e6460a5a3953508c3de5bba",
    "https://deno.land/x/code_block_writer@12.0.0/mod.ts": "2c3448060e47c9d08604c8f40dee34343f553f33edcdfebbf648442be33205e5",
    "https://deno.land/x/code_block_writer@12.0.0/utils/string_utils.ts": "60cb4ec8bd335bf241ef785ccec51e809d576ff8e8d29da43d2273b69ce2a6ff"
  }
}
