{
  "version": "2",
  "remote": {
    "https://deno-registry-staging.net/@foo/code_block_writer/0.0.1/mod.ts": "2c3448060e47c9d08604c8f40dee34343f553f33edcdfebbf648442be33205e5",
    "https://deno-registry-staging.net/@foo/code_block_writer/0.0.1/utils/string_utils.ts": "60cb4ec8bd335bf241ef785ccec51e809d576ff8e8d29da43d2273b69ce2a6ff",
    "https://deno-registry-staging.net/@foo/ts_morph/0.1.0/common/DenoRuntime.ts": "6a7180f0c6e90dcf23ccffc86aa8271c20b1c4f34c570588d08a45880b7e172d",
    "https://deno-registry-staging.net/@foo/ts_morph/0.1.0/common/mod.ts": "01985d2ee7da8d1caee318a9d07664774fbee4e31602bc2bb6bb62c3489555ed",
    "https://deno-registry-staging.net/@foo/ts_morph/0.1.0/common/ts_morph_common.js": "f6ecb9993f9e7a8374921f43a670b369ca9bf337d3e2da979f495b6e29ea75e8",
    "https://deno-registry-staging.net/@foo/ts_morph/0.1.0/common/typescript.js": "97e18f192446db6ea3ed8ddc4723ac4a85fd50a85cfee45437b3581d0f2af12c",
    "https://deno-registry-staging.net/@foo/ts_morph/0.1.0/mod.ts": "adba9b82f24865d15d2c78ef6074b9a7457011719056c9928c800f130a617c93",
    "https://deno-registry-staging.net/@foo/ts_morph/0.1.0/ts_morph.js": "7e11715fbad5d4a7ba8210f93789984ce83de5d5a2e15798af07e8d1d07f8117",
    "https://deno-registry-staging.net/@std/assert/0.2.0/_constants.ts": "8a9da298c26750b28b326b297316cdde860bc237533b07e1337c021379e6b2a9",
    "https://deno-registry-staging.net/@std/assert/0.2.0/_diff.ts": "76bd3614a0d01cdc601e418974f8135d4f8de5ae754b9b9872c3191f75ceb994",
    "https://deno-registry-staging.net/@std/assert/0.2.0/_format.ts": "a69126e8a469009adf4cf2a50af889aca364c349797e63174884a52ff75cf4c7",
    "https://deno-registry-staging.net/@std/assert/0.2.0/assert.ts": "9a97dad6d98c238938e7540736b826440ad8c1c1e54430ca4c4e623e585607ee",
    "https://deno-registry-staging.net/@std/assert/0.2.0/assert_almost_equals.ts": "e15ca1f34d0d5e0afae63b3f5d975cbd18335a132e42b0c747d282f62ad2cd6c",
    "https://deno-registry-staging.net/@std/assert/0.2.0/assert_array_includes.ts": "6856d7f2c3544bc6e62fb4646dfefa3d1df5ff14744d1bca19f0cbaf3b0d66c9",
    "https://deno-registry-staging.net/@std/assert/0.2.0/assert_equals.ts": "a55ecd35000d121747abcc2e16d2057e0e650b839aa17c22b21324ba9fdf33f7",
    "https://deno-registry-staging.net/@std/assert/0.2.0/assert_exists.ts": "407cb6b9fb23a835cd8d5ad804e2e2edbbbf3870e322d53f79e1c7a512e2efd7",
    "https://deno-registry-staging.net/@std/assert/0.2.0/assert_false.ts": "a9962749f4bf5844e3fa494257f1de73d69e4fe0e82c34d0099287552163a2dc",
    "https://deno-registry-staging.net/@std/assert/0.2.0/assert_instance_of.ts": "09fd297352a5b5bbb16da2b5e1a0d8c6c44da5447772648622dcc7df7af1ddb8",
    "https://deno-registry-staging.net/@std/assert/0.2.0/assert_is_error.ts": "cd556cb2e74ddd62a4c72dfc2e317361e9b0844694241faf12e2412b74292133",
    "https://deno-registry-staging.net/@std/assert/0.2.0/assert_match.ts": "c4083f80600bc190309903c95e397a7c9257ff8b5ae5c7ef91e834704e672e9b",
    "https://deno-registry-staging.net/@std/assert/0.2.0/assert_not_equals.ts": "9f1acab95bd1f5fc9a1b17b8027d894509a745d91bac1718fdab51dc76831754",
    "https://deno-registry-staging.net/@std/assert/0.2.0/assert_not_instance_of.ts": "0c14d3dfd9ab7a5276ed8ed0b18c703d79a3d106102077ec437bfe7ed912bd22",
    "https://deno-registry-staging.net/@std/assert/0.2.0/assert_not_match.ts": "3796a5b0c57a1ce6c1c57883dd4286be13a26f715ea662318ab43a8491a13ab0",
    "https://deno-registry-staging.net/@std/assert/0.2.0/assert_not_strict_equals.ts": "ca6c6d645e95fbc873d25320efeb8c4c6089a9a5e09f92d7c1c4b6e935c2a6ad",
    "https://deno-registry-staging.net/@std/assert/0.2.0/assert_object_match.ts": "d8fc2867cfd92eeacf9cea621e10336b666de1874a6767b5ec48988838370b54",
    "https://deno-registry-staging.net/@std/assert/0.2.0/assert_rejects.ts": "45c59724de2701e3b1f67c391d6c71c392363635aad3f68a1b3408f9efca0057",
    "https://deno-registry-staging.net/@std/assert/0.2.0/assert_strict_equals.ts": "9b4db65010215734418ae2483865ec133e9b230d978fe00d44d9a4d04a509cec",
    "https://deno-registry-staging.net/@std/assert/0.2.0/assert_string_includes.ts": "b821d39ebf5cb0200a348863c86d8c4c4b398e02012ce74ad15666fc4b631b0c",
    "https://deno-registry-staging.net/@std/assert/0.2.0/assert_throws.ts": "63784e951475cb7bdfd59878cd25a0931e18f6dc32a6077c454b2cd94f4f4bcd",
    "https://deno-registry-staging.net/@std/assert/0.2.0/assertion_error.ts": "4d0bde9b374dfbcbe8ac23f54f567b77024fb67dbb1906a852d67fe050d42f56",
    "https://deno-registry-staging.net/@std/assert/0.2.0/equal.ts": "9f1a46d5993966d2596c44e5858eec821859b45f783a5ee2f7a695dfc12d8ece",
    "https://deno-registry-staging.net/@std/assert/0.2.0/fail.ts": "c36353d7ae6e1f7933d45f8ea51e358c8c4b67d7e7502028598fe1fea062e278",
    "https://deno-registry-staging.net/@std/assert/0.2.0/mod.ts": "08d55a652c22c5da0215054b21085cec25a5da47ce4a6f9de7d9ad36df35bdee",
    "https://deno-registry-staging.net/@std/assert/0.2.0/unimplemented.ts": "d56fbeecb1f108331a380f72e3e010a1f161baa6956fd0f7cf3e095ae1a4c75a",
    "https://deno-registry-staging.net/@std/assert/0.2.0/unreachable.ts": "4600dc0baf7d9c15a7f7d234f00c23bca8f3eba8b140286aaca7aa998cf9a536",
    "https://deno-registry-staging.net/@std/fmt/0.1.0/colors.ts": "a7eecffdf3d1d54db890723b303847b6e0a1ab4b528ba6958b8f2e754cf1b3bc",
    "https://deno.land/std@0.181.0/_util/asserts.ts": "178dfc49a464aee693a7e285567b3d0b555dc805ff490505a8aae34f9cfb1462",
    "https://deno.land/std@0.181.0/_util/os.ts": "d932f56d41e4f6a6093d56044e29ce637f8dcc43c5a90af43504a889cf1775e3",
    "https://deno.land/std@0.181.0/fs/_util.ts": "65381f341af1ff7f40198cee15c20f59951ac26e51ddc651c5293e24f9ce6f32",
    "https://deno.land/std@0.181.0/fs/ensure_dir.ts": "dc64c4c75c64721d4e3fb681f1382f803ff3d2868f08563ff923fdd20d071c40",
    "https://deno.land/std@0.181.0/fs/expand_glob.ts": "e4f56259a0a70fe23f05215b00de3ac5e6ba46646ab2a06ebbe9b010f81c972a",
    "https://deno.land/std@0.181.0/fs/walk.ts": "ea95ffa6500c1eda6b365be488c056edc7c883a1db41ef46ec3bf057b1c0fe32",
    "https://deno.land/std@0.181.0/path/_constants.ts": "e49961f6f4f48039c0dfed3c3f93e963ca3d92791c9d478ac5b43183413136e0",
    "https://deno.land/std@0.181.0/path/_interface.ts": "6471159dfbbc357e03882c2266d21ef9afdb1e4aa771b0545e90db58a0ba314b",
    "https://deno.land/std@0.181.0/path/_util.ts": "d7abb1e0dea065f427b89156e28cdeb32b045870acdf865833ba808a73b576d0",
    "https://deno.land/std@0.181.0/path/common.ts": "ee7505ab01fd22de3963b64e46cff31f40de34f9f8de1fff6a1bd2fe79380000",
    "https://deno.land/std@0.181.0/path/glob.ts": "d479e0a695621c94d3fd7fe7abd4f9499caf32a8de13f25073451c6ef420a4e1",
    "https://deno.land/std@0.181.0/path/mod.ts": "bf718f19a4fdd545aee1b06409ca0805bd1b68ecf876605ce632e932fe54510c",
    "https://deno.land/std@0.181.0/path/posix.ts": "8b7c67ac338714b30c816079303d0285dd24af6b284f7ad63da5b27372a2c94d",
    "https://deno.land/std@0.181.0/path/separator.ts": "0fb679739d0d1d7bf45b68dacfb4ec7563597a902edbaf3c59b50d5bcadd93b1",
    "https://deno.land/std@0.181.0/path/win32.ts": "d186344e5583bcbf8b18af416d13d82b35a317116e6460a5a3953508c3de5bba",
    "https://deno.land/x/code_block_writer@12.0.0/mod.ts": "2c3448060e47c9d08604c8f40dee34343f553f33edcdfebbf648442be33205e5",
    "https://deno.land/x/code_block_writer@12.0.0/utils/string_utils.ts": "60cb4ec8bd335bf241ef785ccec51e809d576ff8e8d29da43d2273b69ce2a6ff"
  }
}
