# THIS IS AN AUTOGENERATED FILE. DO NOT EDIT THIS FILE DIRECTLY.
# yarn lockfile v1


"@denotest/add@1.0.0":
  version "1.0.0"
  resolved "http://localhost:4260/@denotest/add/-/add-1.0.0.tgz"
  integrity sha512-uvNpnVPU/CC2Do/LNF3TkhoLGLLKC6jFDPiSnojuZCEwmoXJjS2+Sn+LYk7eUix4vsMKA9ctxaMhcfb6pdHQTQ==

"@denotest/esm-basic@1.0.0":
  version "1.0.0"
  resolved "http://localhost:4260/@denotest/esm-basic/-/esm-basic-1.0.0.tgz"
  integrity sha512-LvAO9tXoBq0fhrWc5PdAATOZxxrd1KTeIFhUucK8w1WNKrapcjVVjqU8s8L5fm0Ppd/tMIGXcRvbfWWmOmBgWQ==
