[[package]]
name = "cfg-if"
version = "0.1.4"
source = "registry+https://github.com/rust-lang/crates.io-index"

[[package]]
name = "dummy"
version = "0.0.0"
dependencies = [
 "libc 0.2.42 (git+https://github.com/rust-lang/libc.git?rev=8a85d662b90c14d458bc4ae9521a05564e20d7ae)",
 "log 0.4.3 (git+https://github.com/rust-lang-nursery/log.git?rev=7a6028666b6e21e8cd39203e1f1114afc44333ef)",
 "url 1.7.1 (git+https://github.com/servo/rust-url.git?rev=fbe5e50316105482dcd53d2dabb148c445a5f4cd)",
]

[[package]]
name = "idna"
version = "0.1.5"
source = "git+https://github.com/servo/rust-url.git?rev=fbe5e50316105482dcd53d2dabb148c445a5f4cd#fbe5e50316105482dcd53d2dabb148c445a5f4cd"
dependencies = [
 "matches 0.1.6 (registry+https://github.com/rust-lang/crates.io-index)",
 "unicode-bidi 0.3.4 (registry+https://github.com/rust-lang/crates.io-index)",
 "unicode-normalization 0.1.7 (registry+https://github.com/rust-lang/crates.io-index)",
]

[[package]]
name = "libc"
version = "0.2.42"
source = "git+https://github.com/rust-lang/libc.git?rev=8a85d662b90c14d458bc4ae9521a05564e20d7ae#8a85d662b90c14d458bc4ae9521a05564e20d7ae"

[[package]]
name = "log"
version = "0.4.3"
source = "git+https://github.com/rust-lang-nursery/log.git?rev=7a6028666b6e21e8cd39203e1f1114afc44333ef#7a6028666b6e21e8cd39203e1f1114afc44333ef"
dependencies = [
 "cfg-if 0.1.4 (registry+https://github.com/rust-lang/crates.io-index)",
]

[[package]]
name = "matches"
version = "0.1.6"
source = "registry+https://github.com/rust-lang/crates.io-index"

[[package]]
name = "percent-encoding"
version = "1.0.1"
source = "git+https://github.com/servo/rust-url.git?rev=fbe5e50316105482dcd53d2dabb148c445a5f4cd#fbe5e50316105482dcd53d2dabb148c445a5f4cd"

[[package]]
name = "unicode-bidi"
version = "0.3.4"
source = "registry+https://github.com/rust-lang/crates.io-index"
dependencies = [
 "matches 0.1.6 (registry+https://github.com/rust-lang/crates.io-index)",
]

[[package]]
name = "unicode-normalization"
version = "0.1.7"
source = "registry+https://github.com/rust-lang/crates.io-index"

[[package]]
name = "url"
version = "1.7.1"
source = "git+https://github.com/servo/rust-url.git?rev=fbe5e50316105482dcd53d2dabb148c445a5f4cd#fbe5e50316105482dcd53d2dabb148c445a5f4cd"
dependencies = [
 "idna 0.1.5 (git+https://github.com/servo/rust-url.git?rev=fbe5e50316105482dcd53d2dabb148c445a5f4cd)",
 "matches 0.1.6 (registry+https://github.com/rust-lang/crates.io-index)",
 "percent-encoding 1.0.1 (git+https://github.com/servo/rust-url.git?rev=fbe5e50316105482dcd53d2dabb148c445a5f4cd)",
]

[metadata]
"checksum cfg-if 0.1.4 (registry+https://github.com/rust-lang/crates.io-index)" = "efe5c877e17a9c717a0bf3613b2709f723202c4e4675cc8f12926ded29bcb17e"
"checksum idna 0.1.5 (git+https://github.com/servo/rust-url.git?rev=fbe5e50316105482dcd53d2dabb148c445a5f4cd)" = "<none>"
"checksum libc 0.2.42 (git+https://github.com/rust-lang/libc.git?rev=8a85d662b90c14d458bc4ae9521a05564e20d7ae)" = "<none>"
"checksum log 0.4.3 (git+https://github.com/rust-lang-nursery/log.git?rev=7a6028666b6e21e8cd39203e1f1114afc44333ef)" = "<none>"
"checksum matches 0.1.6 (registry+https://github.com/rust-lang/crates.io-index)" = "100aabe6b8ff4e4a7e32c1c13523379802df0772b82466207ac25b013f193376"
"checksum percent-encoding 1.0.1 (git+https://github.com/servo/rust-url.git?rev=fbe5e50316105482dcd53d2dabb148c445a5f4cd)" = "<none>"
"checksum unicode-bidi 0.3.4 (registry+https://github.com/rust-lang/crates.io-index)" = "49f2bd0c6468a8230e1db229cff8029217cf623c767ea5d60bfbd42729ea54d5"
"checksum unicode-normalization 0.1.7 (registry+https://github.com/rust-lang/crates.io-index)" = "6a0180bc61fc5a987082bfa111f4cc95c4caff7f9799f3e46df09163a937aa25"
"checksum url 1.7.1 (git+https://github.com/servo/rust-url.git?rev=fbe5e50316105482dcd53d2dabb148c445a5f4cd)" = "<none>"
