{
  "version": "4",
  "specifiers": {
    "npm:react-dom@16.8.5": "16.8.5_react@16.14.0"
  },
  "npm": {
    "js-tokens@4.0.0": {
      "integrity": "sha512-RdJUflcE3cUzKiMqQgsCu06FPu9UdIJO0beYbPhHN4k6apgJtifcoCtT9bcxOpYBtpD2kCM6Sbzg4CausW/PKQ=="
    },
    "loose-envify@1.4.0": {
      "integrity": "sha512-lyuxPGr/Wfhrlem2CL/UcnUc1zcqKAImBDzukY7Y5F/yQiNdko6+fRLevlw1HgMySw7f611UIY408EtxRSoK3Q==",
      "dependencies": [
        "js-tokens"
      ]
    },
    "object-assign@4.1.1": {
      "integrity": "sha512-rJgTQnkUnH1sFw8yT6VSU3zD3sWmu6sZhIseY8VX+GRu3P6F7Fu+JNDoXfklElbLJSnc3FUQHVe4cU5hj+BcUg=="
    },
    "prop-types@15.8.1": {
      "integrity": "sha512-oj87CgZICdulUohogVAR7AjlC0327U4el4L6eAvOqCeudMDVU0NThNaV+b9Df4dXgSP1gXMTnPdhfe/2qDH5cg==",
      "dependencies": [
        "loose-envify",
        "object-assign",
        "react-is"
      ]
    },
    "react-dom@16.8.5_react@16.14.0": {
      "integrity": "sha512-VIEIvZLpFafsfu4kgmftP5L8j7P1f0YThfVTrANMhZUFMDOsA6e0kfR6wxw/8xxKs4NB59TZYbxNdPCDW34x4w==",
      "dependencies": [
        "loose-envify",
        "object-assign",
        "prop-types",
        "react",
        "scheduler"
      ]
    },
    "react-is@16.13.1": {
      "integrity": "sha512-24e6ynE2H+OKt4kqsOvNd8kBpV65zoxbA4BVsEOB3ARVWQki/DHzaUoC5KuON/BiccDaCCTZBuOcfZs70kR8bQ=="
    },
    "react@16.14.0": {
      "integrity": "sha512-0X2CImDkJGApiAlcf0ODKIneSwBPhqJawOa5wCtKbu7ZECrmS26NvtSILynQ66cgkT/RJ4LidJOc3bUESwmU8g==",
      "dependencies": [
        "loose-envify",
        "object-assign",
        "prop-types"
      ]
    },
    "scheduler@0.13.6": {
      "integrity": "sha512-IWnObHt413ucAYKsD9J1QShUKkbKLQQHdxRyw73sw4FN26iWr3DY/H34xGPe4nmL1DwXyWmSWmMrA9TfQbE/XQ==",
      "dependencies": [
        "loose-envify",
        "object-assign"
      ]
    }
  }
}
