{
  "version": "3",
  "redirects": {
    "https://deno.land/x/precompiled_jsx/mod.ts/": "https://deno.land/x/precompiled_jsx@0.1.0/mod.ts",
    "https://esm.sh/preact/jsx-runtime": "https://esm.sh/preact@10.17.1/jsx-runtime"
  },
  "remote": {
    "https://deno.land/x/precompiled_jsx@0.1.0/mod.ts": "e2855e9be44142e2559d23ad80b25313ff4121d4623a2e315416b1faf5ae5e00",
    "https://deno.land/x/precompiled_jsx@0.1.0/src/runtime.ts": "68c53fa505698b8e4c33bf70e695df4d951e71f2dd8b3c14f8ca72484b96eb0b",
    "https://esm.sh/preact@10.17.1/jsx-runtime": "bd703f2946a838f2921f6a170bd00fe7589b469ee94d8250ee92ee8ac2a5b11c",
    "https://esm.sh/stable/preact@10.17.1/denonext/jsx-runtime.js": "0fa1261fdb2c1e2d75a528d82117726ac532e87b88f2b83e5a1cc50d9f9540c7",
    "https://esm.sh/stable/preact@10.17.1/denonext/preact.mjs": "0f2f159289b4502eea839f4b57cef910ad03d63213ac5301e6767326b060d8f6"
  }
}
