# Pinned SHA-256 digests for Laufey backend archives.
#
# This file is the trust anchor for `deno desktop` backend downloads. Each
# entry pins the digest of an archive published at:
#   https://github.com/littledivy/laufey/releases/download/v<LAUFEY_VERSION>/<file>
# `LAUFEY_VERSION` comes from the workspace `Cargo.lock` (the `laufey` crate).
# When that version bumps, regenerate this file from the upstream
# `SHA256SUMS` and verify the digests against the release out-of-band before
# committing — this is what removes the TOFU on the unsigned SHA256SUMS.
#
# Format: GNU `sha256sum` style, one `<hex>  <filename>` per line.
# A `# version: vX.Y.Z` directive (optional) is matched against LAUFEY_VERSION
# at build time to guard against forgetting to refresh this file.
#
# version: v0.3.3

cadea67203f02fcc414adb5d5849e806f0f30c3206a840f97f36ae67ed106caa  laufey-cef-aarch64-apple-darwin.tar.gz
ea1b9485c41fec19a7e8dff778e7b67cd6c25172416d6d4393e7b18b55ce6583  laufey-cef-aarch64-unknown-linux-gnu.tar.gz
d59413303465a8ee8f73919e4fc994d62efbd56ec934f2c164427212440b307a  laufey-cef-x86_64-apple-darwin.tar.gz
3c6bba995f7ff006bc543fdb705f602c04b92db98543c99ab27085bfefa83cf9  laufey-cef-x86_64-unknown-linux-gnu.tar.gz
6164269f069a63803655768f73b9cd46bcdb74e886ed6461f94278f7353bf3ef  laufey-webview-aarch64-apple-darwin.tar.gz
21e0507b1fa3b2fe74279eb068665ebae4dbfdbcbd881874141392d38d269484  laufey-webview-aarch64-unknown-linux-gnu.tar.gz
0d9d72f85fb1f08d6c44f12e2f9eb5a33455ad3f9abdfa50b15df360527084d2  laufey-webview-x86_64-apple-darwin.tar.gz
87b358cb691709796db2ce85432fc16be248002667f0be37269a542bfe441a09  laufey-webview-x86_64-unknown-linux-gnu.tar.gz
a0d86a96d0069d49ebe1f80b558d1921d5d2826fc4b3c271a3d6133d3aaeb7f7  laufey-winit-aarch64-apple-darwin.tar.gz
d002d31431e63c25a78e73ba6b8b57f41a02a5f6cdfae94fbf6286520715bd45  laufey-winit-aarch64-unknown-linux-gnu.tar.gz
a96b5f9c05584695aa0cec8b0f896181546b51df127f5997496ad75582d93a2b  laufey-winit-x86_64-apple-darwin.tar.gz
51159cac711916d4a301a15576b3dbfec701294d0d1b3baf4b0f51059c71bf07  laufey-winit-x86_64-unknown-linux-gnu.tar.gz
80267f791f0f801fc0a0d56fa64c2a0fd644b13d8c6ec9e900f41d1bf64a2ccf  laufey-cef-x86_64-pc-windows-msvc.zip
6949b65307c0e3139a7180b078e7dee0c9642a7a08e2c2afb94602242ea7ebbf  laufey-webview-x86_64-pc-windows-msvc.zip
568981cac91cceb38b8a4951373f4fa0c30d641a0cdf2a25154835b0ad0ec9b3  laufey-winit-x86_64-pc-windows-msvc.zip
