# Pinned SHA-256 digests for Laufey backend archives.
#
# This file is the trust anchor for `deno desktop` backend downloads. Each
# entry pins the digest of an archive published at:
#   https://github.com/littledivy/laufey/releases/download/v<LAUFEY_VERSION>/<file>
# `LAUFEY_VERSION` comes from the workspace `Cargo.lock` (the `laufey` crate).
# When that version bumps, regenerate this file from the upstream
# `SHA256SUMS` and verify the digests against the release out-of-band before
# committing — this is what removes the TOFU on the unsigned SHA256SUMS.
#
# Format: GNU `sha256sum` style, one `<hex>  <filename>` per line.
# A `# version: vX.Y.Z` directive (optional) is matched against LAUFEY_VERSION
# at build time to guard against forgetting to refresh this file.
#
# version: v0.6.0

9de284bcbe0713b925c8691e21269f84f64510b28db3687ac86e9fd7310bc9fb  laufey-cef-aarch64-apple-darwin.tar.gz
f446d38ba03c0f906a4bb45bade27aa5e8542072457607c10c56408217ebb9eb  laufey-cef-aarch64-unknown-linux-gnu.tar.gz
cd71a470ee03e1dc3957323e7b38abad23ecf3e14017f97e9ebd7fc44497d51a  laufey-cef-x86_64-apple-darwin.tar.gz
4744c35109b6a3a565a49d93a1b206d2fd88d41fb4f24f33c124ca4c172ecd47  laufey-cef-x86_64-unknown-linux-gnu.tar.gz
58f1c18b6f8cb989c5212bfda6daf058d51a13496f60a42d3a750aedbd4704bd  laufey-webview-aarch64-apple-darwin.tar.gz
8883b7edb097ced65b7df0c665eacaf2d25a69abea4a626aa7bc5fd02b1e7caf  laufey-webview-aarch64-unknown-linux-gnu.tar.gz
fbbeb8b78074fdc3994a5741168d8b65756938aa7fcd4ae90e00be72456e80ae  laufey-webview-x86_64-apple-darwin.tar.gz
31fd91fcd6373a1ede075a7ec0f84d978591ad5e8dbd7f313264a5028e2a73c8  laufey-webview-x86_64-unknown-linux-gnu.tar.gz
0613bf673be1f4aa56cc33f1f9559c9cf26f7410501c7665d3e55698fd0f02ba  laufey-winit-aarch64-apple-darwin.tar.gz
0604dcf574b110d8c3dc2c6075ea3d09998a644159e8a272d49d7fc4a49dd879  laufey-winit-aarch64-unknown-linux-gnu.tar.gz
c940690d09f6eacb761dcaf796d8763759d6b94d86384105c13ca19f337e18ee  laufey-winit-x86_64-apple-darwin.tar.gz
90b68b12d5d97f78f6bf272c804a5955def6e7b77f66c8f73d34f05e4564c075  laufey-winit-x86_64-unknown-linux-gnu.tar.gz
25f4e6eb615e08276e908cee25df25bd960019c1a47ee357143758b196ded041  laufey-cef-x86_64-pc-windows-msvc.zip
b3c5c56c41b79f6303c21fd78b4e8eeb0fb65834180f367c856d54da8f950953  laufey-webview-aarch64-pc-windows-msvc.zip
07b190f497161d9b8cce2019f16b0aa0748b51d7d8242b908cbe28b846522604  laufey-webview-x86_64-pc-windows-msvc.zip
c9dbae8d9f1267a684288837ff2ac25ab5439eeccd0db070c30e8d0681afc58b  laufey-winit-aarch64-pc-windows-msvc.zip
7c905500c46b5db59c9f67c982a42c7aa9ea7e2c619dd9a34cc917d52d465dea  laufey-winit-x86_64-pc-windows-msvc.zip
