# Pinned SHA-256 digests for Laufey backend archives.
#
# This file is the trust anchor for `deno desktop` backend downloads. Each
# entry pins the digest of an archive published at:
#   https://github.com/littledivy/laufey/releases/download/v<LAUFEY_VERSION>/<file>
# `LAUFEY_VERSION` comes from the workspace `Cargo.lock` (the `laufey` crate).
# When that version bumps, regenerate this file from the upstream
# `SHA256SUMS` and verify the digests against the release out-of-band before
# committing — this is what removes the TOFU on the unsigned SHA256SUMS.
#
# Format: GNU `sha256sum` style, one `<hex>  <filename>` per line.
# A `# version: vX.Y.Z` directive (optional) is matched against LAUFEY_VERSION
# at build time to guard against forgetting to refresh this file.
#
# version: v0.3.1

1cc78cc42918f40c9ade0837b6dd34f90016c9fbf6ae3516ac108fa1676f507c  laufey-cef-aarch64-apple-darwin.tar.gz
cef2c9ad33ba0001fd9fb15e83653736ae9585f45f7cb768789ba7bf0fe9e9a4  laufey-cef-aarch64-unknown-linux-gnu.tar.gz
2f0c52e5b12aac33cbddced3a1b0e39898891ad49fef90f653037109dd77427f  laufey-cef-x86_64-apple-darwin.tar.gz
6bd91d645268c741b3c513b355795e36792c5cd72e6bac60e25cbd17963f9e20  laufey-cef-x86_64-unknown-linux-gnu.tar.gz
750400f5ca8ef5945c2dfa69d22b803fb31e6fa5806984b671fbcaae8504384b  laufey-webview-aarch64-apple-darwin.tar.gz
64d959bb93d3af561a638a3fc91f96680ea9d4e80424daf380e551ccc94c34cf  laufey-webview-aarch64-unknown-linux-gnu.tar.gz
01414cc749f0923ca1bc2cca66b50066eacdef2006bfa98fef18a2cfb0729a74  laufey-webview-x86_64-apple-darwin.tar.gz
97fbbfb5b30bbd8c549788448a9c19e3ad63494b398d459c575463818fb3cbca  laufey-webview-x86_64-unknown-linux-gnu.tar.gz
b7569c0925949529d63553408d1a90ebc7cae3f29288fc2732df8de63eb87660  laufey-winit-aarch64-apple-darwin.tar.gz
b35909be03c621c1c4b830d909b81b53050af1105e4c2e96baf9aa6cd8b50201  laufey-winit-aarch64-unknown-linux-gnu.tar.gz
0ab0555ec2ab36ddcf576710ff3c58254f49a22ddc27efa620be96e7475d2e51  laufey-winit-x86_64-apple-darwin.tar.gz
3c5484697d85ab4e507b8c4df824120cdff472bd5f2716537c465bcedc8f86f5  laufey-winit-x86_64-unknown-linux-gnu.tar.gz
71f2fc9b025b7a5c74222ccb1f4cf16290c0a8872f223d2bfa813558255edfc8  laufey-cef-x86_64-pc-windows-msvc.zip
9bc782aaeb146c01a7c20bea8c52ee35c5e2722e2d028d2e9a518c83c0376d2b  laufey-webview-x86_64-pc-windows-msvc.zip
5a0ca5a7c6ea451d6931d954ed25a479aaa91de6d8a96ea0bcf32412b15fb42d  laufey-winit-x86_64-pc-windows-msvc.zip
