# Pinned SHA-256 digests for WEF backend archives.
#
# This file is the trust anchor for `deno desktop` backend downloads. Each
# entry pins the digest of an archive published at:
#   https://github.com/littledivy/just-wef/releases/download/v<WEF_VERSION>/<file>
# `WEF_VERSION` comes from the workspace `Cargo.lock` (the `just-wef` crate).
# When that version bumps, regenerate this file from the upstream
# `SHA256SUMS` and verify the digests against the release out-of-band before
# committing — this is what removes the TOFU on the unsigned SHA256SUMS.
#
# Format: GNU `sha256sum` style, one `<hex>  <filename>` per line.
# A `# version: vX.Y.Z` directive (optional) is matched against WEF_VERSION
# at build time to guard against forgetting to refresh this file.
#
# version: v0.2.0

4aa73e0699a362878b14afe8b1d4722d8967c00cd1a214d329e632bbf3821db1  wef-cef-aarch64-apple-darwin.tar.gz
c05d9de9de507a354a14fdb5a3e8420835a64775eaf59c96d64cda9b90601b0a  wef-cef-aarch64-unknown-linux-gnu.tar.gz
eee1dcbb0d2daed68ef7ed7f300b57c96fe9301f13edbad25bf73fb85d38746f  wef-cef-x86_64-apple-darwin.tar.gz
942aa2933baaa511d79ae29b63c35f7311bc8c7f11ed6a2f80a264ace61c19ab  wef-cef-x86_64-unknown-linux-gnu.tar.gz
7fef71e310ab4f48752632a4f5be49c7370b19623624b791aeed5da21a044712  wef-webview-aarch64-apple-darwin.tar.gz
f459d4b1533c5b9fff6f8c1caee95e6e9f39469e952e2fde1d1fa0b5f47d77c2  wef-webview-aarch64-unknown-linux-gnu.tar.gz
68322d288dd711ea95cf134f893cf04f14e663a825b331e50aac91183e677f53  wef-webview-x86_64-apple-darwin.tar.gz
13ad4c452795fe23f0a856da3cb39b2ee0f63ee961f426062ebbf305aeb3eaf3  wef-webview-x86_64-unknown-linux-gnu.tar.gz
e26bc21c7ae09a67f11cdb9bc47b575a8488b923e7d0b9cc1b9c73e54247f89c  wef-winit-aarch64-apple-darwin.tar.gz
6fab8a318217a29f36cd5fa67d102155752e4af160fbe3ba5f4c7b738168d19b  wef-winit-aarch64-unknown-linux-gnu.tar.gz
447c85f629dc1860e094909fbbe73a80291f96c94046057cfd32d67558300f5e  wef-winit-x86_64-apple-darwin.tar.gz
87a80c5a0752eff3ad759c35181d970e242b254ea65fa704181ca185f1aff663  wef-winit-x86_64-unknown-linux-gnu.tar.gz
66d6da9a5619a165dcb24bb044ed5095da32fc4274285b1bf239e3195f682984  wef-cef-x86_64-pc-windows-msvc.zip
60483f850fc9aebe67d114c0e0520e0c7bf189ff7a4ba511299e02a041d44b80  wef-webview-x86_64-pc-windows-msvc.zip
682af766db732595f7b1afc3486e76b4f27d90fec1226fbacdda367758914dcc  wef-winit-x86_64-pc-windows-msvc.zip
