# This file is automatically @generated by Cargo.
# It is not intended for manual editing.
[[package]]
name = "block-buffer"
version = "0.9.0"
source = "registry+https://github.com/rust-lang/crates.io-index"
checksum = "4152116fd6e9dadb291ae18fc1ec3575ed6d84c29642d97890f4b4a3417297e4"
dependencies = [
 "block-padding",
 "generic-array",
]

[[package]]
name = "block-padding"
version = "0.2.1"
source = "registry+https://github.com/rust-lang/crates.io-index"
checksum = "8d696c370c750c948ada61c69a0ee2cbbb9c50b1019ddb86d9317157a99c2cae"

[[package]]
name = "bumpalo"
version = "3.4.0"
source = "registry+https://github.com/rust-lang/crates.io-index"
checksum = "2e8c087f005730276d1096a652e92a8bacee2e2472bcc9715a74d2bec38b5820"

[[package]]
name = "cfg-if"
version = "0.1.10"
source = "registry+https://github.com/rust-lang/crates.io-index"
checksum = "4785bdd1c96b2a846b2bd7cc02e86b6b3dbf14e7e53446c4f54c92a361040822"

[[package]]
name = "cpuid-bool"
version = "0.1.2"
source = "registry+https://github.com/rust-lang/crates.io-index"
checksum = "8aebca1129a03dc6dc2b127edd729435bbc4a37e1d5f4d7513165089ceb02634"

[[package]]
name = "deno-hash"
version = "0.1.0"
dependencies = [
 "digest",
 "md-5",
 "md2",
 "md4",
 "ripemd160",
 "ripemd320",
 "sha-1",
 "sha2",
 "sha3",
 "wasm-bindgen",
]

[[package]]
name = "digest"
version = "0.9.0"
source = "registry+https://github.com/rust-lang/crates.io-index"
checksum = "d3dd60d1080a57a05ab032377049e0591415d2b31afd7028356dbf3cc6dcb066"
dependencies = [
 "generic-array",
]

[[package]]
name = "generic-array"
version = "0.14.4"
source = "registry+https://github.com/rust-lang/crates.io-index"
checksum = "501466ecc8a30d1d3b7fc9229b122b2ce8ed6e9d9223f1138d4babb253e51817"
dependencies = [
 "typenum",
 "version_check",
]

[[package]]
name = "keccak"
version = "0.1.0"
source = "registry+https://github.com/rust-lang/crates.io-index"
checksum = "67c21572b4949434e4fc1e1978b99c5f77064153c59d998bf13ecd96fb5ecba7"

[[package]]
name = "lazy_static"
version = "1.4.0"
source = "registry+https://github.com/rust-lang/crates.io-index"
checksum = "e2abad23fbc42b3700f2f279844dc832adb2b2eb069b2df918f455c4e18cc646"

[[package]]
name = "log"
version = "0.4.8"
source = "registry+https://github.com/rust-lang/crates.io-index"
checksum = "14b6052be84e6b71ab17edffc2eeabf5c2c3ae1fdb464aae35ac50c67a44e1f7"
dependencies = [
 "cfg-if",
]

[[package]]
name = "md-5"
version = "0.9.1"
source = "registry+https://github.com/rust-lang/crates.io-index"
checksum = "7b5a279bb9607f9f53c22d496eade00d138d1bdcccd07d74650387cf94942a15"
dependencies = [
 "block-buffer",
 "digest",
 "opaque-debug",
]

[[package]]
name = "md2"
version = "0.9.0"
source = "registry+https://github.com/rust-lang/crates.io-index"
checksum = "bfd23bb613adebff88451d962b449f93e2ca5d97400021ad5895740778d95f78"
dependencies = [
 "block-buffer",
 "digest",
 "opaque-debug",
]

[[package]]
name = "md4"
version = "0.9.0"
source = "registry+https://github.com/rust-lang/crates.io-index"
checksum = "dd1a7931601ee6a560262a1dc9a8369949f5b7ae20b2bbf029c74fbd6d1b09e2"
dependencies = [
 "block-buffer",
 "digest",
 "opaque-debug",
]

[[package]]
name = "opaque-debug"
version = "0.3.0"
source = "registry+https://github.com/rust-lang/crates.io-index"
checksum = "624a8340c38c1b80fd549087862da4ba43e08858af025b236e509b6649fc13d5"

[[package]]
name = "proc-macro2"
version = "1.0.18"
source = "registry+https://github.com/rust-lang/crates.io-index"
checksum = "beae6331a816b1f65d04c45b078fd8e6c93e8071771f41b8163255bbd8d7c8fa"
dependencies = [
 "unicode-xid",
]

[[package]]
name = "quote"
version = "1.0.7"
source = "registry+https://github.com/rust-lang/crates.io-index"
checksum = "aa563d17ecb180e500da1cfd2b028310ac758de548efdd203e18f283af693f37"
dependencies = [
 "proc-macro2",
]

[[package]]
name = "ripemd160"
version = "0.9.1"
source = "registry+https://github.com/rust-lang/crates.io-index"
checksum = "2eca4ecc81b7f313189bf73ce724400a07da2a6dac19588b03c8bd76a2dcc251"
dependencies = [
 "block-buffer",
 "digest",
 "opaque-debug",
]

[[package]]
name = "ripemd320"
version = "0.9.0"
source = "registry+https://github.com/rust-lang/crates.io-index"
checksum = "4ff9fb4227f99b2078691fbd1bf16edd94041f15b02a3c7b4a155d0074954191"
dependencies = [
 "block-buffer",
 "digest",
 "opaque-debug",
]

[[package]]
name = "sha-1"
version = "0.9.1"
source = "registry+https://github.com/rust-lang/crates.io-index"
checksum = "170a36ea86c864a3f16dd2687712dd6646f7019f301e57537c7f4dc9f5916770"
dependencies = [
 "block-buffer",
 "cfg-if",
 "cpuid-bool",
 "digest",
 "opaque-debug",
]

[[package]]
name = "sha2"
version = "0.9.1"
source = "registry+https://github.com/rust-lang/crates.io-index"
checksum = "2933378ddfeda7ea26f48c555bdad8bb446bf8a3d17832dc83e380d444cfb8c1"
dependencies = [
 "block-buffer",
 "cfg-if",
 "cpuid-bool",
 "digest",
 "opaque-debug",
]

[[package]]
name = "sha3"
version = "0.9.1"
source = "registry+https://github.com/rust-lang/crates.io-index"
checksum = "f81199417d4e5de3f04b1e871023acea7389672c4135918f05aa9cbf2f2fa809"
dependencies = [
 "block-buffer",
 "digest",
 "keccak",
 "opaque-debug",
]

[[package]]
name = "syn"
version = "1.0.31"
source = "registry+https://github.com/rust-lang/crates.io-index"
checksum = "b5304cfdf27365b7585c25d4af91b35016ed21ef88f17ced89c7093b43dba8b6"
dependencies = [
 "proc-macro2",
 "quote",
 "unicode-xid",
]

[[package]]
name = "typenum"
version = "1.12.0"
source = "registry+https://github.com/rust-lang/crates.io-index"
checksum = "373c8a200f9e67a0c95e62a4f52fbf80c23b4381c05a17845531982fa99e6b33"

[[package]]
name = "unicode-xid"
version = "0.2.0"
source = "registry+https://github.com/rust-lang/crates.io-index"
checksum = "826e7639553986605ec5979c7dd957c7895e93eabed50ab2ffa7f6128a75097c"

[[package]]
name = "version_check"
version = "0.9.2"
source = "registry+https://github.com/rust-lang/crates.io-index"
checksum = "b5a972e5669d67ba988ce3dc826706fb0a8b01471c088cb0b6110b805cc36aed"

[[package]]
name = "wasm-bindgen"
version = "0.2.68"
source = "registry+https://github.com/rust-lang/crates.io-index"
checksum = "1ac64ead5ea5f05873d7c12b545865ca2b8d28adfc50a49b84770a3a97265d42"
dependencies = [
 "cfg-if",
 "wasm-bindgen-macro",
]

[[package]]
name = "wasm-bindgen-backend"
version = "0.2.68"
source = "registry+https://github.com/rust-lang/crates.io-index"
checksum = "f22b422e2a757c35a73774860af8e112bff612ce6cb604224e8e47641a9e4f68"
dependencies = [
 "bumpalo",
 "lazy_static",
 "log",
 "proc-macro2",
 "quote",
 "syn",
 "wasm-bindgen-shared",
]

[[package]]
name = "wasm-bindgen-macro"
version = "0.2.68"
source = "registry+https://github.com/rust-lang/crates.io-index"
checksum = "6b13312a745c08c469f0b292dd2fcd6411dba5f7160f593da6ef69b64e407038"
dependencies = [
 "quote",
 "wasm-bindgen-macro-support",
]

[[package]]
name = "wasm-bindgen-macro-support"
version = "0.2.68"
source = "registry+https://github.com/rust-lang/crates.io-index"
checksum = "f249f06ef7ee334cc3b8ff031bfc11ec99d00f34d86da7498396dc1e3b1498fe"
dependencies = [
 "proc-macro2",
 "quote",
 "syn",
 "wasm-bindgen-backend",
 "wasm-bindgen-shared",
]

[[package]]
name = "wasm-bindgen-shared"
version = "0.2.68"
source = "registry+https://github.com/rust-lang/crates.io-index"
checksum = "1d649a3145108d7d3fbcde896a468d1bd636791823c9921135218ad89be08307"
