{
  "version": "5",
  "specifiers": {
    "jsr:@std/collections@^1.1.3": "1.1.5",
    "jsr:@std/toml@1": "1.0.11",
    "jsr:@std/yaml@^1.0.11": "1.0.11"
  },
  "jsr": {
    "@std/collections@1.1.5": {
      "integrity": "c37cc6bbbbf90fec3e782535a46c9c8a3210f19118c61add71fcea86b0ffd491"
    },
    "@std/toml@1.0.11": {
      "integrity": "e084988b872ca4bad6aedfb7350f6eeed0e8ba88e9ee5e1590621c5b5bb8f715",
      "dependencies": [
        "jsr:@std/collections"
      ]
    },
    "@std/yaml@1.0.11": {
      "integrity": "bd139ce77f2d06cbed3713c8b26d301d2a2e12ecc7986130a268107e212143ee"
    }
  },
  "workspace": {
    "links": {
      "jsr:@david/gagen": {
        "dependencies": [
          "jsr:@deno/dnt@~0.42.3",
          "jsr:@std/assert@1",
          "jsr:@std/yaml@^1.0.11"
        ]
      }
    }
  }
}
